
Microsoft Visual Studio Solution File, Format Version 12.00
# Visual Studio Version 16
VisualStudioVersion = 16.0.30907.101
MinimumVisualStudioVersion = 10.0.40219.1
Project("{FAE04EC0-301F-11D3-BF4B-00C04F79EFBC}") = "SEO.Statistics.Service", "SEO.Statistics.Service\SEO.Statistics.Service.csproj", "{BFE4E4C9-0475-4975-AEDB-C3C3E00EC56E}"
EndProject
Project("{FAE04EC0-301F-11D3-BF4B-00C04F79EFBC}") = "SEO.Statistics.WebUI", "SEO.Statistics.WebUI\SEO.Statistics.WebUI.csproj", "{0B7831DA-C23C-4353-9F2C-949D06E1B97D}"
EndProject
Global
	GlobalSection(SolutionConfigurationPlatforms) = preSolution
		Debug|Any CPU = Debug|Any CPU
		Release|Any CPU = Release|Any CPU
	EndGlobalSection
	GlobalSection(ProjectConfigurationPlatforms) = postSolution
		{BFE4E4C9-0475-4975-AEDB-C3C3E00EC56E}.Debug|Any CPU.ActiveCfg = Debug|Any CPU
		{BFE4E4C9-0475-4975-AEDB-C3C3E00EC56E}.Debug|Any CPU.Build.0 = Debug|Any CPU
		{BFE4E4C9-0475-4975-AEDB-C3C3E00EC56E}.Release|Any CPU.ActiveCfg = Release|Any CPU
		{BFE4E4C9-0475-4975-AEDB-C3C3E00EC56E}.Release|Any CPU.Build.0 = Release|Any CPU
		{0B7831DA-C23C-4353-9F2C-949D06E1B97D}.Debug|Any CPU.ActiveCfg = Debug|Any CPU
		{0B7831DA-C23C-4353-9F2C-949D06E1B97D}.Debug|Any CPU.Build.0 = Debug|Any CPU
		{0B7831DA-C23C-4353-9F2C-949D06E1B97D}.Release|Any CPU.ActiveCfg = Release|Any CPU
		{0B7831DA-C23C-4353-9F2C-949D06E1B97D}.Release|Any CPU.Build.0 = Release|Any CPU
	EndGlobalSection
	GlobalSection(SolutionProperties) = preSolution
		HideSolutionNode = FALSE
	EndGlobalSection
	GlobalSection(ExtensibilityGlobals) = postSolution
		SolutionGuid = {5BB129B1-69C4-4A5A-BB6B-0214D1654CA2}
	EndGlobalSection
EndGlobal
